// !$*UTF8*$!
{
	archiveVersion = 1;
	classes = {
	};
	objectVersion = 46;
	objects = {

/* Begin PBXBuildFile section */
		72210EA7183522C700C8EFB4 /* Foundation.framework in Frameworks */ = {isa = PBXBuildFile; fileRef = 72210EA6183522C700C8EFB4 /* Foundation.framework */; };
		72210EA9183522C700C8EFB4 /* CoreGraphics.framework in Frameworks */ = {isa = PBXBuildFile; fileRef = 72210EA8183522C700C8EFB4 /* CoreGraphics.framework */; };
		72210EAB183522C700C8EFB4 /* UIKit.framework in Frameworks */ = {isa = PBXBuildFile; fileRef = 72210EAA183522C700C8EFB4 /* UIKit.framework */; };
		72210EB1183522C700C8EFB4 /* InfoPlist.strings in Resources */ = {isa = PBXBuildFile; fileRef = 72210EAF183522C700C8EFB4 /* InfoPlist.strings */; };
		72210EB3183522C700C8EFB4 /* main.m in Sources */ = {isa = PBXBuildFile; fileRef = 72210EB2183522C700C8EFB4 /* main.m */; };
		72210EB7183522C700C8EFB4 /* AppDelegate.m in Sources */ = {isa = PBXBuildFile; fileRef = 72210EB6183522C700C8EFB4 /* AppDelegate.m */; };
		72210EBA183522C700C8EFB4 /* Main.storyboard in Resources */ = {isa = PBXBuildFile; fileRef = 72210EB8183522C700C8EFB4 /* Main.storyboard */; };
		72210EBD183522C700C8EFB4 /* ViewController.m in Sources */ = {isa = PBXBuildFile; fileRef = 72210EBC183522C700C8EFB4 /* ViewController.m */; };
		72210EBF183522C700C8EFB4 /* Images.xcassets in Resources */ = {isa = PBXBuildFile; fileRef = 72210EBE183522C700C8EFB4 /* Images.xcassets */; };
		72210EC6183522C700C8EFB4 /* XCTest.framework in Frameworks */ = {isa = PBXBuildFile; fileRef = 72210EC5183522C700C8EFB4 /* XCTest.framework */; };
		72210EC7183522C700C8EFB4 /* Foundation.framework in Frameworks */ = {isa = PBXBuildFile; fileRef = 72210EA6183522C700C8EFB4 /* Foundation.framework */; };
		72210EC8183522C700C8EFB4 /* UIKit.framework in Frameworks */ = {isa = PBXBuildFile; fileRef = 72210EAA183522C700C8EFB4 /* UIKit.framework */; };
		72210ED0183522C700C8EFB4 /* InfoPlist.strings in Resources */ = {isa = PBXBuildFile; fileRef = 72210ECE183522C700C8EFB4 /* InfoPlist.strings */; };
		72210ED2183522C700C8EFB4 /* GitStudyTests.m in Sources */ = {isa = PBXBuildFile; fileRef = 72210ED1183522C700C8EFB4 /* GitStudyTests.m */; };
/* End PBXBuildFile section */

/* Begin PBXContainerItemProxy section */
		72210EC9183522C700C8EFB4 /* PBXContainerItemProxy */ = {
			isa = PBXContainerItemProxy;
			containerPortal = 72210E9B183522C700C8EFB4 /* Project object */;
			proxyType = 1;
			remoteGlobalIDString = 72210EA2183522C700C8EFB4;
			remoteInfo = GitStudy;
		};
/* End PBXContainerItemProxy section */

/* Begin PBXFileReference section */
		72210EA3183522C700C8EFB4 /* GitStudy.app */ = {isa = PBXFileReference; explicitFileType = wrapper.application; includeInIndex = 0; path = GitStudy.app; sourceTree = BUILT_PRODUCTS_DIR; };
		72210EA6183522C700C8EFB4 /* Foundation.framework */ = {isa = PBXFileReference; lastKnownFileType = wrapper.framework; name = Foundation.framework; path = System/Library/Frameworks/Foundation.framework; sourceTree = SDKROOT; };
		72210EA8183522C700C8EFB4 /* CoreGraphics.framework */ = {isa = PBXFileReference; lastKnownFileType = wrapper.framework; name = CoreGraphics.framework; path = System/Library/Frameworks/CoreGraphics.framework; sourceTree = SDKROOT; };
		72210EAA183522C700C8EFB4 /* UIKit.framework */ = {isa = PBXFileReference; lastKnownFileType = wrapper.framework; name = UIKit.framework; path = System/Library/Frameworks/UIKit.framework; sourceTree = SDKROOT; };
		72210EAE183522C700C8EFB4 /* GitStudy-Info.plist */ = {isa = PBXFileReference; lastKnownFileType = text.plist.xml; path = "GitStudy-Info.plist"; sourceTree = "<group>"; };
		72210EB0183522C700C8EFB4 /* en */ = {isa = PBXFileReference; lastKnownFileType = text.plist.strings; name = en; path = en.lproj/InfoPlist.strings; sourceTree = "<group>"; };
		72210EB2183522C700C8EFB4 /* main.m */ = {isa = PBXFileReference; lastKnownFileType = sourcecode.c.objc; path = main.m; sourceTree = "<group>"; };
		72210EB4183522C700C8EFB4 /* GitStudy-Prefix.pch */ = {isa = PBXFileReference; lastKnownFileType = sourcecode.c.h; path = "GitStudy-Prefix.pch"; sourceTree = "<group>"; };
		72210EB5183522C700C8EFB4 /* AppDelegate.h */ = {isa = PBXFileReference; lastKnownFileType = sourcecode.c.h; path = AppDelegate.h; sourceTree = "<group>"; };
		72210EB6183522C700C8EFB4 /* AppDelegate.m */ = {isa = PBXFileReference; lastKnownFileType = sourcecode.c.objc; path = AppDelegate.m; sourceTree = "<group>"; };
		72210EB9183522C700C8EFB4 /* Base */ = {isa = PBXFileReference; lastKnownFileType = file.storyboard; name = Base; path = Base.lproj/Main.storyboard; sourceTree = "<group>"; };
		72210EBB183522C700C8EFB4 /* ViewController.h */ = {isa = PBXFileReference; lastKnownFileType = sourcecode.c.h; path = ViewController.h; sourceTree = "<group>"; };
		72210EBC183522C700C8EFB4 /* ViewController.m */ = {isa = PBXFileReference; lastKnownFileType = sourcecode.c.objc; path = ViewController.m; sourceTree = "<group>"; };
		72210EBE183522C700C8EFB4 /* Images.xcassets */ = {isa = PBXFileReference; lastKnownFileType = folder.assetcatalog; path = Images.xcassets; sourceTree = "<group>"; };
		72210EC4183522C700C8EFB4 /* GitStudyTests.xctest */ = {isa = PBXFileReference; explicitFileType = wrapper.cfbundle; includeInIndex = 0; path = GitStudyTests.xctest; sourceTree = BUILT_PRODUCTS_DIR; };
		72210EC5183522C700C8EFB4 /* XCTest.framework */ = {isa = PBXFileReference; lastKnownFileType = wrapper.framework; name = XCTest.framework; path = Library/Frameworks/XCTest.framework; sourceTree = DEVELOPER_DIR; };
		72210ECD183522C700C8EFB4 /* GitStudyTests-Info.plist */ = {isa = PBXFileReference; lastKnownFileType = text.plist.xml; path = "GitStudyTests-Info.plist"; sourceTree = "<group>"; };
		72210ECF183522C700C8EFB4 /* en */ = {isa = PBXFileReference; lastKnownFileType = text.plist.strings; name = en; path = en.lproj/InfoPlist.strings; sourceTree = "<group>"; };
		72210ED1183522C700C8EFB4 /* GitStudyTests.m */ = {isa = PBXFileReference; lastKnownFileType = sourcecode.c.objc; path = GitStudyTests.m; sourceTree = "<group>"; };
/* End PBXFileReference section */

/* Begin PBXFrameworksBuildPhase section */
		72210EA0183522C700C8EFB4 /* Frameworks */ = {
			isa = PBXFrameworksBuildPhase;
			buildActionMask = 2147483647;
			files = (
				72210EA9183522C700C8EFB4 /* CoreGraphics.framework in Frameworks */,
				72210EAB183522C700C8EFB4 /* UIKit.framework in Frameworks */,
				72210EA7183522C700C8EFB4 /* Foundation.framework in Frameworks */,
			);
			runOnlyForDeploymentPostprocessing = 0;
		};
		72210EC1183522C700C8EFB4 /* Frameworks */ = {
			isa = PBXFrameworksBuildPhase;
			buildActionMask = 2147483647;
			files = (
				72210EC6183522C700C8EFB4 /* XCTest.framework in Frameworks */,
				72210EC8183522C700C8EFB4 /* UIKit.framework in Frameworks */,
				72210EC7183522C700C8EFB4 /* Foundation.framework in Frameworks */,
			);
			runOnlyForDeploymentPostprocessing = 0;
		};
/* End PBXFrameworksBuildPhase section */

/* Begin PBXGroup section */
		72210E9A183522C700C8EFB4 = {
			isa = PBXGroup;
			children = (
				72210EAC183522C700C8EFB4 /* GitStudy */,
				72210ECB183522C700C8EFB4 /* GitStudyTests */,
				72210EA5183522C700C8EFB4 /* Frameworks */,
				72210EA4183522C700C8EFB4 /* Products */,
			);
			sourceTree = "<group>";
		};
		72210EA4183522C700C8EFB4 /* Products */ = {
			isa = PBXGroup;
			children = (
				72210EA3183522C700C8EFB4 /* GitStudy.app */,
				72210EC4183522C700C8EFB4 /* GitStudyTests.xctest */,
			);
			name = Products;
			sourceTree = "<group>";
		};
		72210EA5183522C700C8EFB4 /* Frameworks */ = {
			isa = PBXGroup;
			children = (
				72210EA6183522C700C8EFB4 /* Foundation.framework */,
				72210EA8183522C700C8EFB4 /* CoreGraphics.framework */,
				72210EAA183522C700C8EFB4 /* UIKit.framework */,
				72210EC5183522C700C8EFB4 /* XCTest.framework */,
			);
			name = Frameworks;
			sourceTree = "<group>";
		};
		72210EAC183522C700C8EFB4 /* GitStudy */ = {
			isa = PBXGroup;
			children = (
				72210EB5183522C700C8EFB4 /* AppDelegate.h */,
				72210EB6183522C700C8EFB4 /* AppDelegate.m */,
				72210EB8183522C700C8EFB4 /* Main.storyboard */,
				72210EBB183522C700C8EFB4 /* ViewController.h */,
				72210EBC183522C700C8EFB4 /* ViewController.m */,
				72210EBE183522C700C8EFB4 /* Images.xcassets */,
				72210EAD183522C700C8EFB4 /* Supporting Files */,
			);
			path = GitStudy;
			sourceTree = "<group>";
		};
		72210EAD183522C700C8EFB4 /* Supporting Files */ = {
			isa = PBXGroup;
			children = (
				72210EAE183522C700C8EFB4 /* GitStudy-Info.plist */,
				72210EAF183522C700C8EFB4 /* InfoPlist.strings */,
				72210EB2183522C700C8EFB4 /* main.m */,
				72210EB4183522C700C8EFB4 /* GitStudy-Prefix.pch */,
			);
			name = "Supporting Files";
			sourceTree = "<group>";
		};
		72210ECB183522C700C8EFB4 /* GitStudyTests */ = {
			isa = PBXGroup;
			children = (
				72210ED1183522C700C8EFB4 /* GitStudyTests.m */,
				72210ECC183522C700C8EFB4 /* Supporting Files */,
			);
			path = GitStudyTests;
			sourceTree = "<group>";
		};
		72210ECC183522C700C8EFB4 /* Supporting Files */ = {
			isa = PBXGroup;
			children = (
				72210ECD183522C700C8EFB4 /* GitStudyTests-Info.plist */,
				72210ECE183522C700C8EFB4 /* InfoPlist.strings */,
			);
			name = "Supporting Files";
			sourceTree = "<group>";
		};
/* End PBXGroup section */

/* Begin PBXNativeTarget section */
		72210EA2183522C700C8EFB4 /* GitStudy */ = {
			isa = PBXNativeTarget;
			buildConfigurationList = 72210ED5183522C700C8EFB4 /* Build configuration list for PBXNativeTarget "GitStudy" */;
			buildPhases = (
				72210E9F183522C700C8EFB4 /* Sources */,
				72210EA0183522C700C8EFB4 /* Frameworks */,
				72210EA1183522C700C8EFB4 /* Resources */,
			);
			buildRules = (
			);
			dependencies = (
			);
			name = GitStudy;
			productName = GitStudy;
			productReference = 72210EA3183522C700C8EFB4 /* GitStudy.app */;
			productType = "com.apple.product-type.application";
		};
		72210EC3183522C700C8EFB4 /* GitStudyTests */ = {
			isa = PBXNativeTarget;
			buildConfigurationList = 72210ED8183522C700C8EFB4 /* Build configuration list for PBXNativeTarget "GitStudyTests" */;
			buildPhases = (
				72210EC0183522C700C8EFB4 /* Sources */,
				72210EC1183522C700C8EFB4 /* Frameworks */,
				72210EC2183522C700C8EFB4 /* Resources */,
			);
			buildRules = (
			);
			dependencies = (
				72210ECA183522C700C8EFB4 /* PBXTargetDependency */,
			);
			name = GitStudyTests;
			productName = GitStudyTests;
			productReference = 72210EC4183522C700C8EFB4 /* GitStudyTests.xctest */;
			productType = "com.apple.product-type.bundle.unit-test";
		};
/* End PBXNativeTarget section */

/* Begin PBXProject section */
		72210E9B183522C700C8EFB4 /* Project object */ = {
			isa = PBXProject;
			attributes = {
				LastUpgradeCheck = 0500;
				ORGANIZATIONNAME = "Zsolt Kovacs";
				TargetAttributes = {
					72210EC3183522C700C8EFB4 = {
						TestTargetID = 72210EA2183522C700C8EFB4;
					};
				};
			};
			buildConfigurationList = 72210E9E183522C700C8EFB4 /* Build configuration list for PBXProject "GitStudy" */;
			compatibilityVersion = "Xcode 3.2";
			developmentRegion = English;
			hasScannedForEncodings = 0;
			knownRegions = (
				en,
				Base,
			);
			mainGroup = 72210E9A183522C700C8EFB4;
			productRefGroup = 72210EA4183522C700C8EFB4 /* Products */;
			projectDirPath = "";
			projectRoot = "";
			targets = (
				72210EA2183522C700C8EFB4 /* GitStudy */,
				72210EC3183522C700C8EFB4 /* GitStudyTests */,
			);
		};
/* End PBXProject section */

/* Begin PBXResourcesBuildPhase section */
		72210EA1183522C700C8EFB4 /* Resources */ = {
			isa = PBXResourcesBuildPhase;
			buildActionMask = 2147483647;
			files = (
				72210EBF183522C700C8EFB4 /* Images.xcassets in Resources */,
				72210EB1183522C700C8EFB4 /* InfoPlist.strings in Resources */,
				72210EBA183522C700C8EFB4 /* Main.storyboard in Resources */,
			);
			runOnlyForDeploymentPostprocessing = 0;
		};
		72210EC2183522C700C8EFB4 /* Resources */ = {
			isa = PBXResourcesBuildPhase;
			buildActionMask = 2147483647;
			files = (
				72210ED0183522C700C8EFB4 /* InfoPlist.strings in Resources */,
			);
			runOnlyForDeploymentPostprocessing = 0;
		};
/* End PBXResourcesBuildPhase section */

/* Begin PBXSourcesBuildPhase section */
		72210E9F183522C700C8EFB4 /* Sources */ = {
			isa = PBXSourcesBuildPhase;
			buildActionMask = 2147483647;
			files = (
				72210EBD183522C700C8EFB4 /* ViewController.m in Sources */,
				72210EB7183522C700C8EFB4 /* AppDelegate.m in Sources */,
				72210EB3183522C700C8EFB4 /* main.m in Sources */,
			);
			runOnlyForDeploymentPostprocessing = 0;
		};
		72210EC0183522C700C8EFB4 /* Sources */ = {
			isa = PBXSourcesBuildPhase;
			buildActionMask = 2147483647;
			files = (
				72210ED2183522C700C8EFB4 /* GitStudyTests.m in Sources */,
			);
			runOnlyForDeploymentPostprocessing = 0;
		};
/* End PBXSourcesBuildPhase section */

/* Begin PBXTargetDependency section */
		72210ECA183522C700C8EFB4 /* PBXTargetDependency */ = {
			isa = PBXTargetDependency;
			target = 72210EA2183522C700C8EFB4 /* GitStudy */;
			targetProxy = 72210EC9183522C700C8EFB4 /* PBXContainerItemProxy */;
		};
/* End PBXTargetDependency section */

/* Begin PBXVariantGroup section */
		72210EAF183522C700C8EFB4 /* InfoPlist.strings */ = {
			isa = PBXVariantGroup;
			children = (
				72210EB0183522C700C8EFB4 /* en */,
			);
			name = InfoPlist.strings;
			sourceTree = "<group>";
		};
		72210EB8183522C700C8EFB4 /* Main.storyboard */ = {
			isa = PBXVariantGroup;
			children = (
				72210EB9183522C700C8EFB4 /* Base */,
			);
			name = Main.storyboard;
			sourceTree = "<group>";
		};
		72210ECE183522C700C8EFB4 /* InfoPlist.strings */ = {
			isa = PBXVariantGroup;
			children = (
				72210ECF183522C700C8EFB4 /* en */,
			);
			name = InfoPlist.strings;
			sourceTree = "<group>";
		};
/* End PBXVariantGroup section */

/* Begin XCBuildConfiguration section */
		72210ED3183522C700C8EFB4 /* Debug */ = {
			isa = XCBuildConfiguration;
			buildSettings = {
				ALWAYS_SEARCH_USER_PATHS = NO;
				ARCHS = "$(ARCHS_STANDARD_INCLUDING_64_BIT)";
				CLANG_CXX_LANGUAGE_STANDARD = "gnu++0x";
				CLANG_CXX_LIBRARY = "libc++";
				CLANG_ENABLE_MODULES = YES;
				CLANG_ENABLE_OBJC_ARC = YES;
				CLANG_WARN_BOOL_CONVERSION = YES;
				CLANG_WARN_CONSTANT_CONVERSION = YES;
				CLANG_WARN_DIRECT_OBJC_ISA_USAGE = YES_ERROR;
				CLANG_WARN_EMPTY_BODY = YES;
				CLANG_WARN_ENUM_CONVERSION = YES;
				CLANG_WARN_INT_CONVERSION = YES;
				CLANG_WARN_OBJC_ROOT_CLASS = YES_ERROR;
				CLANG_WARN__DUPLICATE_METHOD_MATCH = YES;
				"CODE_SIGN_IDENTITY[sdk=iphoneos*]" = "iPhone Developer";
				COPY_PHASE_STRIP = NO;
				GCC_C_LANGUAGE_STANDARD = gnu99;
				GCC_DYNAMIC_NO_PIC = NO;
				GCC_OPTIMIZATION_LEVEL = 0;
				GCC_PREPROCESSOR_DEFINITIONS = (
					"DEBUG=1",
					"$(inherited)",
				);
				GCC_SYMBOLS_PRIVATE_EXTERN = NO;
				GCC_WARN_64_TO_32_BIT_CONVERSION = YES;
				GCC_WARN_ABOUT_RETURN_TYPE = YES_ERROR;
				GCC_WARN_UNDECLARED_SELECTOR = YES;
				GCC_WARN_UNINITIALIZED_AUTOS = YES;
				GCC_WARN_UNUSED_FUNCTION = YES;
				GCC_WARN_UNUSED_VARIABLE = YES;
				IPHONEOS_DEPLOYMENT_TARGET = 7.0;
				ONLY_ACTIVE_ARCH = YES;
				SDKROOT = iphoneos;
			};
			name = Debug;
		};
		72210ED4183522C700C8EFB4 /* Release */ = {
			isa = XCBuildConfiguration;
			buildSettings = {
				ALWAYS_SEARCH_USER_PATHS = NO;
				ARCHS = "$(ARCHS_STANDARD_INCLUDING_64_BIT)";
				CLANG_CXX_LANGUAGE_STANDARD = "gnu++0x";
				CLANG_CXX_LIBRARY = "libc++";
				CLANG_ENABLE_MODULES = YES;
				CLANG_ENABLE_OBJC_ARC = YES;
				CLANG_WARN_BOOL_CONVERSION = YES;
				CLANG_WARN_CONSTANT_CONVERSION = YES;
				CLANG_WARN_DIRECT_OBJC_ISA_USAGE = YES_ERROR;
				CLANG_WARN_EMPTY_BODY = YES;
				CLANG_WARN_ENUM_CONVERSION = YES;
				CLANG_WARN_INT_CONVERSION = YES;
				CLANG_WARN_OBJC_ROOT_CLASS = YES_ERROR;
				CLANG_WARN__DUPLICATE_METHOD_MATCH = YES;
				"CODE_SIGN_IDENTITY[sdk=iphoneos*]" = "iPhone Developer";
				COPY_PHASE_STRIP = YES;
				ENABLE_NS_ASSERTIONS = NO;
				GCC_C_LANGUAGE_STANDARD = gnu99;
				GCC_WARN_64_TO_32_BIT_CONVERSION = YES;
				GCC_WARN_ABOUT_RETURN_TYPE = YES_ERROR;
				GCC_WARN_UNDECLARED_SELECTOR = YES;
				GCC_WARN_UNINITIALIZED_AUTOS = YES;
				GCC_WARN_UNUSED_FUNCTION = YES;
				GCC_WARN_UNUSED_VARIABLE = YES;
				IPHONEOS_DEPLOYMENT_TARGET = 7.0;
				SDKROOT = iphoneos;
				VALIDATE_PRODUCT = YES;
			};
			name = Release;
		};
		72210ED6183522C700C8EFB4 /* Debug */ = {
			isa = XCBuildConfiguration;
			buildSettings = {
				ASSETCATALOG_COMPILER_APPICON_NAME = AppIcon;
				ASSETCATALOG_COMPILER_LAUNCHIMAGE_NAME = LaunchImage;
				GCC_PRECOMPILE_PREFIX_HEADER = YES;
				GCC_PREFIX_HEADER = "GitStudy/GitStudy-Prefix.pch";
				INFOPLIST_FILE = "GitStudy/GitStudy-Info.plist";
				PRODUCT_NAME = "$(TARGET_NAME)";
				WRAPPER_EXTENSION = app;
			};
			name = Debug;
		};
		72210ED7183522C700C8EFB4 /* Release */ = {
			isa = XCBuildConfiguration;
			buildSettings = {
				ASSETCATALOG_COMPILER_APPICON_NAME = AppIcon;
				ASSETCATALOG_COMPILER_LAUNCHIMAGE_NAME = LaunchImage;
				GCC_PRECOMPILE_PREFIX_HEADER = YES;
				GCC_PREFIX_HEADER = "GitStudy/GitStudy-Prefix.pch";
				INFOPLIST_FILE = "GitStudy/GitStudy-Info.plist";
				PRODUCT_NAME = "$(TARGET_NAME)";
				WRAPPER_EXTENSION = app;
			};
			name = Release;
		};
		72210ED9183522C700C8EFB4 /* Debug */ = {
			isa = XCBuildConfiguration;
			buildSettings = {
				ARCHS = "$(ARCHS_STANDARD_INCLUDING_64_BIT)";
				BUNDLE_LOADER = "$(BUILT_PRODUCTS_DIR)/GitStudy.app/GitStudy";
				FRAMEWORK_SEARCH_PATHS = (
					"$(SDKROOT)/Developer/Library/Frameworks",
					"$(inherited)",
					"$(DEVELOPER_FRAMEWORKS_DIR)",
				);
				GCC_PRECOMPILE_PREFIX_HEADER = YES;
				GCC_PREFIX_HEADER = "GitStudy/GitStudy-Prefix.pch";
				GCC_PREPROCESSOR_DEFINITIONS = (
					"DEBUG=1",
					"$(inherited)",
				);
				INFOPLIST_FILE = "GitStudyTests/GitStudyTests-Info.plist";
				PRODUCT_NAME = "$(TARGET_NAME)";
				TEST_HOST = "$(BUNDLE_LOADER)";
				WRAPPER_EXTENSION = xctest;
			};
			name = Debug;
		};
		72210EDA183522C700C8EFB4 /* Release */ = {
			isa = XCBuildConfiguration;
			buildSettings = {
				ARCHS = "$(ARCHS_STANDARD_INCLUDING_64_BIT)";
				BUNDLE_LOADER = "$(BUILT_PRODUCTS_DIR)/GitStudy.app/GitStudy";
				FRAMEWORK_SEARCH_PATHS = (
					"$(SDKROOT)/Developer/Library/Frameworks",
					"$(inherited)",
					"$(DEVELOPER_FRAMEWORKS_DIR)",
				);
				GCC_PRECOMPILE_PREFIX_HEADER = YES;
				GCC_PREFIX_HEADER = "GitStudy/GitStudy-Prefix.pch";
				INFOPLIST_FILE = "GitStudyTests/GitStudyTests-Info.plist";
				PRODUCT_NAME = "$(TARGET_NAME)";
				TEST_HOST = "$(BUNDLE_LOADER)";
				WRAPPER_EXTENSION = xctest;
			};
			name = Release;
		};
/* End XCBuildConfiguration section */

/* Begin XCConfigurationList section */
		72210E9E183522C700C8EFB4 /* Build configuration list for PBXProject "GitStudy" */ = {
			isa = XCConfigurationList;
			buildConfigurations = (
				72210ED3183522C700C8EFB4 /* Debug */,
				72210ED4183522C700C8EFB4 /* Release */,
			);
			defaultConfigurationIsVisible = 0;
			defaultConfigurationName = Release;
		};
		72210ED5183522C700C8EFB4 /* Build configuration list for PBXNativeTarget "GitStudy" */ = {
			isa = XCConfigurationList;
			buildConfigurations = (
				72210ED6183522C700C8EFB4 /* Debug */,
				72210ED7183522C700C8EFB4 /* Release */,
			);
			defaultConfigurationIsVisible = 0;
		};
		72210ED8183522C700C8EFB4 /* Build configuration list for PBXNativeTarget "GitStudyTests" */ = {
			isa = XCConfigurationList;
			buildConfigurations = (
				72210ED9183522C700C8EFB4 /* Debug */,
				72210EDA183522C700C8EFB4 /* Release */,
			);
			defaultConfigurationIsVisible = 0;
		};
/* End XCConfigurationList section */
	};
	rootObject = 72210E9B183522C700C8EFB4 /* Project object */;
}
